{
  "nodes": {
    "nixpkgs": {
      "locked": {
        "lastModified": 1746422338,
        "narHash": "sha256-NTtKOTLQv6dPfRe00OGSywg37A1FYqldS6xiNmqBUYc=",
        "owner": "NixOS",
        "repo": "nixpkgs",
        "rev": "5b35d248e9206c1f3baf8de6a7683fee126364aa",
        "type": "github"
      },
      "original": {
        "owner": "NixOS",
        "ref": "nixos-24.11",
        "repo": "nixpkgs",
        "type": "github"
      }
    },
    "nixpkgs_2": {
      "locked": {
        "lastModified": 1629271619,
        "narHash": "sha256-by9D3OkEKk4rOzJIMbC0uP2wP3Bt81auP5xmbmPg2a8=",
        "owner": "NixOS",
        "repo": "nixpkgs",
        "rev": "7bbca9877caed472c6b5866ea09302cfcdce3dbf",
        "type": "github"
      },
      "original": {
        "owner": "NixOS",
        "ref": "nixos-21.05",
        "repo": "nixpkgs",
        "type": "github"
      }
    },
    "pkgs-personal": {
      "inputs": {
        "nixpkgs": "nixpkgs_2"
      },
      "locked": {
        "lastModified": 1629652608,
        "narHash": "sha256-eNcsdqMyK/Q3P0Tj16uDNcQzKIFf4CJkM7qTq3BdtF0=",
        "owner": "KnairdA",
        "repo": "pkgs",
        "rev": "fb63603b5eec859c84464e1a7f6f14931303f679",
        "type": "github"
      },
      "original": {
        "owner": "KnairdA",
        "ref": "master",
        "repo": "pkgs",
        "type": "github"
      }
    },
    "root": {
      "inputs": {
        "nixpkgs": "nixpkgs",
        "pkgs-personal": "pkgs-personal"
      }
    }
  },
  "root": "root",
  "version": 7
}
