{
  "nodes": {
    "nixpkgs": {
      "locked": {
        "lastModified": 1756469547,
        "narHash": "sha256-YvtD2E7MYsQ3r7K9K2G7nCslCKMPShoSEAtbjHLtH0k=",
        "owner": "NixOS",
        "repo": "nixpkgs",
        "rev": "41d292bfc37309790f70f4c120b79280ce40af16",
        "type": "github"
      },
      "original": {
        "owner": "NixOS",
        "ref": "nixos-25.05",
        "repo": "nixpkgs",
        "type": "github"
      }
    },
    "nixpkgs_2": {
      "locked": {
        "lastModified": 1629271619,
        "narHash": "sha256-by9D3OkEKk4rOzJIMbC0uP2wP3Bt81auP5xmbmPg2a8=",
        "owner": "NixOS",
        "repo": "nixpkgs",
        "rev": "7bbca9877caed472c6b5866ea09302cfcdce3dbf",
        "type": "github"
      },
      "original": {
        "owner": "NixOS",
        "ref": "nixos-21.05",
        "repo": "nixpkgs",
        "type": "github"
      }
    },
    "pkgs-personal": {
      "inputs": {
        "nixpkgs": "nixpkgs_2"
      },
      "locked": {
        "lastModified": 1629652608,
        "narHash": "sha256-eNcsdqMyK/Q3P0Tj16uDNcQzKIFf4CJkM7qTq3BdtF0=",
        "owner": "KnairdA",
        "repo": "pkgs",
        "rev": "fb63603b5eec859c84464e1a7f6f14931303f679",
        "type": "github"
      },
      "original": {
        "owner": "KnairdA",
        "ref": "master",
        "repo": "pkgs",
        "type": "github"
      }
    },
    "root": {
      "inputs": {
        "nixpkgs": "nixpkgs",
        "pkgs-personal": "pkgs-personal"
      }
    }
  },
  "root": "root",
  "version": 7
}
